
Microsoft Visual Studio Solution File, Format Version 12.00
# Visual Studio 14
VisualStudioVersion = 14.0.25420.1
MinimumVisualStudioVersion = 10.0.40219.1
Project("{FAE04EC0-301F-11D3-BF4B-00C04F79EFBC}") = "Fiap.PlataformaNet.ConceitosCSharp.WindowsApp", "Fiap.PlataformaNet.ConceitosCSharp.WindowsApp\Fiap.PlataformaNet.ConceitosCSharp.WindowsApp.csproj", "{A77FD410-167A-4058-8D3F-79BE502879AE}"
EndProject
Project("{FAE04EC0-301F-11D3-BF4B-00C04F79EFBC}") = "Fiap.PlataformaNet.ConceitosCSharp.Classes", "Fiap.PlataformaNet.ConceitosCSharp.Classes\Fiap.PlataformaNet.ConceitosCSharp.Classes.csproj", "{1844E3CD-F3EA-4307-8267-08E3EE57EAE7}"
EndProject
Global
	GlobalSection(SolutionConfigurationPlatforms) = preSolution
		Debug|Any CPU = Debug|Any CPU
		Release|Any CPU = Release|Any CPU
	EndGlobalSection
	GlobalSection(ProjectConfigurationPlatforms) = postSolution
		{A77FD410-167A-4058-8D3F-79BE502879AE}.Debug|Any CPU.ActiveCfg = Debug|Any CPU
		{A77FD410-167A-4058-8D3F-79BE502879AE}.Debug|Any CPU.Build.0 = Debug|Any CPU
		{A77FD410-167A-4058-8D3F-79BE502879AE}.Release|Any CPU.ActiveCfg = Release|Any CPU
		{A77FD410-167A-4058-8D3F-79BE502879AE}.Release|Any CPU.Build.0 = Release|Any CPU
		{1844E3CD-F3EA-4307-8267-08E3EE57EAE7}.Debug|Any CPU.ActiveCfg = Debug|Any CPU
		{1844E3CD-F3EA-4307-8267-08E3EE57EAE7}.Debug|Any CPU.Build.0 = Debug|Any CPU
		{1844E3CD-F3EA-4307-8267-08E3EE57EAE7}.Release|Any CPU.ActiveCfg = Release|Any CPU
		{1844E3CD-F3EA-4307-8267-08E3EE57EAE7}.Release|Any CPU.Build.0 = Release|Any CPU
	EndGlobalSection
	GlobalSection(SolutionProperties) = preSolution
		HideSolutionNode = FALSE
	EndGlobalSection
EndGlobal
